
Microsoft Visual Studio Solution File, Format Version 12.00
# Visual Studio Version 17
VisualStudioVersion = 17.9.34728.123
MinimumVisualStudioVersion = 10.0.40219.1
Project("{9A19103F-16F7-4668-BE54-9A1E7A4F7556}") = "Application", "Application\Application.csproj", "{E7E1A7F7-66B8-40C3-B30A-3633C4396AC5}"
EndProject
Project("{2150E333-8FDC-42A3-9474-1A3956D46DE8}") = "Solution Items", "Solution Items", "{45B7352B-5B47-455A-9E0B-41DF59198B01}"
	ProjectSection(SolutionItems) = preProject
		Task description.pdf = Task description.pdf
	EndProjectSection
EndProject
Project("{9A19103F-16F7-4668-BE54-9A1E7A4F7556}") = "LogComponent", "LogComponent\LogComponent.csproj", "{DB3CCCC4-1BD9-4086-BEB5-EE0D3BF62D11}"
EndProject
Global
	GlobalSection(SolutionConfigurationPlatforms) = preSolution
		Debug|Any CPU = Debug|Any CPU
		Release|Any CPU = Release|Any CPU
	EndGlobalSection
	GlobalSection(ProjectConfigurationPlatforms) = postSolution
		{E7E1A7F7-66B8-40C3-B30A-3633C4396AC5}.Debug|Any CPU.ActiveCfg = Debug|Any CPU
		{E7E1A7F7-66B8-40C3-B30A-3633C4396AC5}.Debug|Any CPU.Build.0 = Debug|Any CPU
		{E7E1A7F7-66B8-40C3-B30A-3633C4396AC5}.Release|Any CPU.ActiveCfg = Release|Any CPU
		{E7E1A7F7-66B8-40C3-B30A-3633C4396AC5}.Release|Any CPU.Build.0 = Release|Any CPU
		{DB3CCCC4-1BD9-4086-BEB5-EE0D3BF62D11}.Debug|Any CPU.ActiveCfg = Debug|Any CPU
		{DB3CCCC4-1BD9-4086-BEB5-EE0D3BF62D11}.Debug|Any CPU.Build.0 = Debug|Any CPU
		{DB3CCCC4-1BD9-4086-BEB5-EE0D3BF62D11}.Release|Any CPU.ActiveCfg = Release|Any CPU
		{DB3CCCC4-1BD9-4086-BEB5-EE0D3BF62D11}.Release|Any CPU.Build.0 = Release|Any CPU
	EndGlobalSection
	GlobalSection(SolutionProperties) = preSolution
		HideSolutionNode = FALSE
	EndGlobalSection
	GlobalSection(ExtensibilityGlobals) = postSolution
		SolutionGuid = {7F0C8F00-599E-4B67-AE3B-74D45F130F08}
	EndGlobalSection
EndGlobal
